
Microsoft Visual Studio Solution File, Format Version 12.00
# Visual Studio 15
VisualStudioVersion = 15.0.26730.16
MinimumVisualStudioVersion = 10.0.40219.1
Project("{8BC9CEB8-8B4A-11D0-8D11-00A0C91BC942}") = "sfml aircraft", "sfml aircraft\sfml aircraft.vcxproj", "{DD7966B2-F4C5-47B2-A4C7-1CFC0C6EB57B}"
EndProject
Global
	GlobalSection(Performance) = preSolution
		HasPerformanceSessions = true
	EndGlobalSection
	GlobalSection(SolutionConfigurationPlatforms) = preSolution
		Debug|x64 = Debug|x64
		Debug|x86 = Debug|x86
		Release|x64 = Release|x64
		Release|x86 = Release|x86
	EndGlobalSection
	GlobalSection(ProjectConfigurationPlatforms) = postSolution
		{DD7966B2-F4C5-47B2-A4C7-1CFC0C6EB57B}.Debug|x64.ActiveCfg = Debug|x64
		{DD7966B2-F4C5-47B2-A4C7-1CFC0C6EB57B}.Debug|x64.Build.0 = Debug|x64
		{DD7966B2-F4C5-47B2-A4C7-1CFC0C6EB57B}.Debug|x86.ActiveCfg = Debug|Win32
		{DD7966B2-F4C5-47B2-A4C7-1CFC0C6EB57B}.Debug|x86.Build.0 = Debug|Win32
		{DD7966B2-F4C5-47B2-A4C7-1CFC0C6EB57B}.Release|x64.ActiveCfg = Release|x64
		{DD7966B2-F4C5-47B2-A4C7-1CFC0C6EB57B}.Release|x64.Build.0 = Release|x64
		{DD7966B2-F4C5-47B2-A4C7-1CFC0C6EB57B}.Release|x86.ActiveCfg = Release|Win32
		{DD7966B2-F4C5-47B2-A4C7-1CFC0C6EB57B}.Release|x86.Build.0 = Release|Win32
	EndGlobalSection
	GlobalSection(SolutionProperties) = preSolution
		HideSolutionNode = FALSE
	EndGlobalSection
	GlobalSection(ExtensibilityGlobals) = postSolution
		SolutionGuid = {49993259-56DA-4910-BD7F-4190E2B5FEDF}
	EndGlobalSection
EndGlobal
